
Microsoft Visual Studio Solution File, Format Version 12.00
# Visual Studio Version 17
VisualStudioVersion = 17.12.35527.113
MinimumVisualStudioVersion = 10.0.40219.1
Project("{FAE04EC0-301F-11D3-BF4B-00C04F79EFBC}") = "BracketMaster.API", "BracketMaster\BracketMaster.API.csproj", "{50BF592F-7D4B-4319-9C68-7CDDA0447B02}"
EndProject
Project("{FAE04EC0-301F-11D3-BF4B-00C04F79EFBC}") = "BracketMaster.Models", "BracketMaster.Models\BracketMaster.Models.csproj", "{696AAF0D-FCE7-4496-803E-6A1B97A8682F}"
EndProject
Project("{FAE04EC0-301F-11D3-BF4B-00C04F79EFBC}") = "BracketMaster.Repository", "BracketMaster.Repository\BracketMaster.Repository.csproj", "{5014A8AA-EEFD-46A9-B6E3-4F704ADA17CF}"
EndProject
Project("{FAE04EC0-301F-11D3-BF4B-00C04F79EFBC}") = "BracketMaster.Logic", "BracketMaster.Logic\BracketMaster.Logic.csproj", "{82CE222F-BF46-4D37-8C13-37A9BAA64189}"
EndProject
Project("{FAE04EC0-301F-11D3-BF4B-00C04F79EFBC}") = "BracketMaster.TestConsole", "BracketMaster.TestConsole\BracketMaster.TestConsole.csproj", "{9C07E8F9-2815-4139-B497-2C5BB19CB92B}"
EndProject
Project("{FAE04EC0-301F-11D3-BF4B-00C04F79EFBC}") = "BracketMaster.Service", "BracketMaster.Service\BracketMaster.Service.csproj", "{4FEA9541-3B01-46AC-9D4E-088202621439}"
EndProject
Global
	GlobalSection(SolutionConfigurationPlatforms) = preSolution
		Debug|Any CPU = Debug|Any CPU
		Release|Any CPU = Release|Any CPU
	EndGlobalSection
	GlobalSection(ProjectConfigurationPlatforms) = postSolution
		{50BF592F-7D4B-4319-9C68-7CDDA0447B02}.Debug|Any CPU.ActiveCfg = Debug|Any CPU
		{50BF592F-7D4B-4319-9C68-7CDDA0447B02}.Debug|Any CPU.Build.0 = Debug|Any CPU
		{50BF592F-7D4B-4319-9C68-7CDDA0447B02}.Release|Any CPU.ActiveCfg = Release|Any CPU
		{50BF592F-7D4B-4319-9C68-7CDDA0447B02}.Release|Any CPU.Build.0 = Release|Any CPU
		{696AAF0D-FCE7-4496-803E-6A1B97A8682F}.Debug|Any CPU.ActiveCfg = Debug|Any CPU
		{696AAF0D-FCE7-4496-803E-6A1B97A8682F}.Debug|Any CPU.Build.0 = Debug|Any CPU
		{696AAF0D-FCE7-4496-803E-6A1B97A8682F}.Release|Any CPU.ActiveCfg = Release|Any CPU
		{696AAF0D-FCE7-4496-803E-6A1B97A8682F}.Release|Any CPU.Build.0 = Release|Any CPU
		{5014A8AA-EEFD-46A9-B6E3-4F704ADA17CF}.Debug|Any CPU.ActiveCfg = Debug|Any CPU
		{5014A8AA-EEFD-46A9-B6E3-4F704ADA17CF}.Debug|Any CPU.Build.0 = Debug|Any CPU
		{5014A8AA-EEFD-46A9-B6E3-4F704ADA17CF}.Release|Any CPU.ActiveCfg = Release|Any CPU
		{5014A8AA-EEFD-46A9-B6E3-4F704ADA17CF}.Release|Any CPU.Build.0 = Release|Any CPU
		{82CE222F-BF46-4D37-8C13-37A9BAA64189}.Debug|Any CPU.ActiveCfg = Debug|Any CPU
		{82CE222F-BF46-4D37-8C13-37A9BAA64189}.Debug|Any CPU.Build.0 = Debug|Any CPU
		{82CE222F-BF46-4D37-8C13-37A9BAA64189}.Release|Any CPU.ActiveCfg = Release|Any CPU
		{82CE222F-BF46-4D37-8C13-37A9BAA64189}.Release|Any CPU.Build.0 = Release|Any CPU
		{9C07E8F9-2815-4139-B497-2C5BB19CB92B}.Debug|Any CPU.ActiveCfg = Debug|Any CPU
		{9C07E8F9-2815-4139-B497-2C5BB19CB92B}.Debug|Any CPU.Build.0 = Debug|Any CPU
		{9C07E8F9-2815-4139-B497-2C5BB19CB92B}.Release|Any CPU.ActiveCfg = Release|Any CPU
		{9C07E8F9-2815-4139-B497-2C5BB19CB92B}.Release|Any CPU.Build.0 = Release|Any CPU
		{4FEA9541-3B01-46AC-9D4E-088202621439}.Debug|Any CPU.ActiveCfg = Debug|Any CPU
		{4FEA9541-3B01-46AC-9D4E-088202621439}.Debug|Any CPU.Build.0 = Debug|Any CPU
		{4FEA9541-3B01-46AC-9D4E-088202621439}.Release|Any CPU.ActiveCfg = Release|Any CPU
		{4FEA9541-3B01-46AC-9D4E-088202621439}.Release|Any CPU.Build.0 = Release|Any CPU
	EndGlobalSection
	GlobalSection(SolutionProperties) = preSolution
		HideSolutionNode = FALSE
	EndGlobalSection
EndGlobal
